
Microsoft Visual Studio Solution File, Format Version 12.00
# Visual Studio Version 16
VisualStudioVersion = 16.0.31229.75
MinimumVisualStudioVersion = 10.0.40219.1
Project("{8BC9CEB8-8B4A-11D0-8D11-00A0C91BC942}") = "chapter_13", "chapter_13\chapter_13.vcxproj", "{A785881E-3FA2-4833-827C-BC077A8630D3}"
EndProject
Global
	GlobalSection(SolutionConfigurationPlatforms) = preSolution
		Debug|x64 = Debug|x64
		Debug|x86 = Debug|x86
		Release|x64 = Release|x64
		Release|x86 = Release|x86
	EndGlobalSection
	GlobalSection(ProjectConfigurationPlatforms) = postSolution
		{A785881E-3FA2-4833-827C-BC077A8630D3}.Debug|x64.ActiveCfg = Debug|x64
		{A785881E-3FA2-4833-827C-BC077A8630D3}.Debug|x64.Build.0 = Debug|x64
		{A785881E-3FA2-4833-827C-BC077A8630D3}.Debug|x86.ActiveCfg = Debug|Win32
		{A785881E-3FA2-4833-827C-BC077A8630D3}.Debug|x86.Build.0 = Debug|Win32
		{A785881E-3FA2-4833-827C-BC077A8630D3}.Release|x64.ActiveCfg = Release|x64
		{A785881E-3FA2-4833-827C-BC077A8630D3}.Release|x64.Build.0 = Release|x64
		{A785881E-3FA2-4833-827C-BC077A8630D3}.Release|x86.ActiveCfg = Release|Win32
		{A785881E-3FA2-4833-827C-BC077A8630D3}.Release|x86.Build.0 = Release|Win32
	EndGlobalSection
	GlobalSection(SolutionProperties) = preSolution
		HideSolutionNode = FALSE
	EndGlobalSection
	GlobalSection(ExtensibilityGlobals) = postSolution
		SolutionGuid = {8C30B3DD-4FE9-4963-A312-5E21E57317A5}
	EndGlobalSection
EndGlobal
